
Microsoft Visual Studio Solution File, Format Version 12.00
# Visual Studio 15
VisualStudioVersion = 15.0.28307.539
MinimumVisualStudioVersion = 10.0.40219.1
Project("{FAE04EC0-301F-11D3-BF4B-00C04F79EFBC}") = "WebAPI", "WebAPI\WebAPI.csproj", "{71201EDE-38F1-40EA-AC6B-B9629DF6828C}"
EndProject
Project("{FAE04EC0-301F-11D3-BF4B-00C04F79EFBC}") = "MVC", "MVC\MVC.csproj", "{F4ACACAC-5154-4567-8DBB-9CE243F75AD7}"
EndProject
Global
	GlobalSection(SolutionConfigurationPlatforms) = preSolution
		Debug|Any CPU = Debug|Any CPU
		Release|Any CPU = Release|Any CPU
	EndGlobalSection
	GlobalSection(ProjectConfigurationPlatforms) = postSolution
		{71201EDE-38F1-40EA-AC6B-B9629DF6828C}.Debug|Any CPU.ActiveCfg = Debug|Any CPU
		{71201EDE-38F1-40EA-AC6B-B9629DF6828C}.Debug|Any CPU.Build.0 = Debug|Any CPU
		{71201EDE-38F1-40EA-AC6B-B9629DF6828C}.Release|Any CPU.ActiveCfg = Release|Any CPU
		{71201EDE-38F1-40EA-AC6B-B9629DF6828C}.Release|Any CPU.Build.0 = Release|Any CPU
		{F4ACACAC-5154-4567-8DBB-9CE243F75AD7}.Debug|Any CPU.ActiveCfg = Debug|Any CPU
		{F4ACACAC-5154-4567-8DBB-9CE243F75AD7}.Debug|Any CPU.Build.0 = Debug|Any CPU
		{F4ACACAC-5154-4567-8DBB-9CE243F75AD7}.Release|Any CPU.ActiveCfg = Release|Any CPU
		{F4ACACAC-5154-4567-8DBB-9CE243F75AD7}.Release|Any CPU.Build.0 = Release|Any CPU
	EndGlobalSection
	GlobalSection(SolutionProperties) = preSolution
		HideSolutionNode = FALSE
	EndGlobalSection
	GlobalSection(ExtensibilityGlobals) = postSolution
		SolutionGuid = {77AAF144-171B-40E4-AB42-EA7FDFC92EBA}
	EndGlobalSection
EndGlobal
